
Microsoft Visual Studio Solution File, Format Version 12.00
# Visual Studio Version 16
VisualStudioVersion = 16.0.28803.352
MinimumVisualStudioVersion = 10.0.40219.1
Project("{FAE04EC0-301F-11D3-BF4B-00C04F79EFBC}") = "App1.Android", "App1\App1.Android\App1.Android.csproj", "{F7ADC76E-0D5C-4BD0-AEAA-5D32AE08A669}"
EndProject
Project("{FAE04EC0-301F-11D3-BF4B-00C04F79EFBC}") = "App1.iOS", "App1\App1.iOS\App1.iOS.csproj", "{B1248DA2-EF9D-4866-92AF-311EB2574B55}"
EndProject
Project("{9A19103F-16F7-4668-BE54-9A1E7A4F7556}") = "App1", "App1\App1\App1.csproj", "{5FBB11EF-4499-4BBB-B1B0-BF4FAFEBCC71}"
EndProject
Project("{9A19103F-16F7-4668-BE54-9A1E7A4F7556}") = "App1.ApiGateway", "App1.ApiGateway\App1.ApiGateway.csproj", "{44C6B2DF-36A4-4873-830C-FAE76296ABC4}"
EndProject
Project("{9A19103F-16F7-4668-BE54-9A1E7A4F7556}") = "App1.Identity", "App1.Identity\App1.Identity.csproj", "{D0A5F069-2C3A-4391-B7AE-406C66611010}"
EndProject
Project("{9A19103F-16F7-4668-BE54-9A1E7A4F7556}") = "App1.ServiceBase", "App1.ServiceBase\App1.ServiceBase.csproj", "{94785217-DDB2-420F-8774-F61DE02ACEE6}"
EndProject
Project("{FAE04EC0-301F-11D3-BF4B-00C04F79EFBC}") = "App1.Spot", "App1.Spot\App1.Spot.csproj", "{2CD8BEF0-5960-447D-B0FC-ADBA5F30EEBA}"
EndProject
Global
	GlobalSection(SolutionConfigurationPlatforms) = preSolution
		Debug|Any CPU = Debug|Any CPU
		Debug|iPhone = Debug|iPhone
		Debug|iPhoneSimulator = Debug|iPhoneSimulator
		Release|Any CPU = Release|Any CPU
		Release|iPhone = Release|iPhone
		Release|iPhoneSimulator = Release|iPhoneSimulator
	EndGlobalSection
	GlobalSection(ProjectConfigurationPlatforms) = postSolution
		{F7ADC76E-0D5C-4BD0-AEAA-5D32AE08A669}.Debug|Any CPU.ActiveCfg = Debug|Any CPU
		{F7ADC76E-0D5C-4BD0-AEAA-5D32AE08A669}.Debug|Any CPU.Build.0 = Debug|Any CPU
		{F7ADC76E-0D5C-4BD0-AEAA-5D32AE08A669}.Debug|Any CPU.Deploy.0 = Debug|Any CPU
		{F7ADC76E-0D5C-4BD0-AEAA-5D32AE08A669}.Debug|iPhone.ActiveCfg = Debug|Any CPU
		{F7ADC76E-0D5C-4BD0-AEAA-5D32AE08A669}.Debug|iPhone.Build.0 = Debug|Any CPU
		{F7ADC76E-0D5C-4BD0-AEAA-5D32AE08A669}.Debug|iPhone.Deploy.0 = Debug|Any CPU
		{F7ADC76E-0D5C-4BD0-AEAA-5D32AE08A669}.Debug|iPhoneSimulator.ActiveCfg = Debug|Any CPU
		{F7ADC76E-0D5C-4BD0-AEAA-5D32AE08A669}.Debug|iPhoneSimulator.Build.0 = Debug|Any CPU
		{F7ADC76E-0D5C-4BD0-AEAA-5D32AE08A669}.Debug|iPhoneSimulator.Deploy.0 = Debug|Any CPU
		{F7ADC76E-0D5C-4BD0-AEAA-5D32AE08A669}.Release|Any CPU.ActiveCfg = Release|Any CPU
		{F7ADC76E-0D5C-4BD0-AEAA-5D32AE08A669}.Release|Any CPU.Build.0 = Release|Any CPU
		{F7ADC76E-0D5C-4BD0-AEAA-5D32AE08A669}.Release|Any CPU.Deploy.0 = Release|Any CPU
		{F7ADC76E-0D5C-4BD0-AEAA-5D32AE08A669}.Release|iPhone.ActiveCfg = Release|Any CPU
		{F7ADC76E-0D5C-4BD0-AEAA-5D32AE08A669}.Release|iPhone.Build.0 = Release|Any CPU
		{F7ADC76E-0D5C-4BD0-AEAA-5D32AE08A669}.Release|iPhone.Deploy.0 = Release|Any CPU
		{F7ADC76E-0D5C-4BD0-AEAA-5D32AE08A669}.Release|iPhoneSimulator.ActiveCfg = Release|Any CPU
		{F7ADC76E-0D5C-4BD0-AEAA-5D32AE08A669}.Release|iPhoneSimulator.Build.0 = Release|Any CPU
		{F7ADC76E-0D5C-4BD0-AEAA-5D32AE08A669}.Release|iPhoneSimulator.Deploy.0 = Release|Any CPU
		{B1248DA2-EF9D-4866-92AF-311EB2574B55}.Debug|Any CPU.ActiveCfg = Debug|iPhoneSimulator
		{B1248DA2-EF9D-4866-92AF-311EB2574B55}.Debug|Any CPU.Build.0 = Debug|iPhoneSimulator
		{B1248DA2-EF9D-4866-92AF-311EB2574B55}.Debug|Any CPU.Deploy.0 = Debug|iPhoneSimulator
		{B1248DA2-EF9D-4866-92AF-311EB2574B55}.Debug|iPhone.ActiveCfg = Debug|iPhone
		{B1248DA2-EF9D-4866-92AF-311EB2574B55}.Debug|iPhone.Build.0 = Debug|iPhone
		{B1248DA2-EF9D-4866-92AF-311EB2574B55}.Debug|iPhone.Deploy.0 = Debug|iPhone
		{B1248DA2-EF9D-4866-92AF-311EB2574B55}.Debug|iPhoneSimulator.ActiveCfg = Debug|iPhoneSimulator
		{B1248DA2-EF9D-4866-92AF-311EB2574B55}.Debug|iPhoneSimulator.Build.0 = Debug|iPhoneSimulator
		{B1248DA2-EF9D-4866-92AF-311EB2574B55}.Debug|iPhoneSimulator.Deploy.0 = Debug|iPhoneSimulator
		{B1248DA2-EF9D-4866-92AF-311EB2574B55}.Release|Any CPU.ActiveCfg = Release|iPhone
		{B1248DA2-EF9D-4866-92AF-311EB2574B55}.Release|Any CPU.Build.0 = Release|iPhone
		{B1248DA2-EF9D-4866-92AF-311EB2574B55}.Release|Any CPU.Deploy.0 = Release|iPhone
		{B1248DA2-EF9D-4866-92AF-311EB2574B55}.Release|iPhone.ActiveCfg = Release|iPhone
		{B1248DA2-EF9D-4866-92AF-311EB2574B55}.Release|iPhone.Build.0 = Release|iPhone
		{B1248DA2-EF9D-4866-92AF-311EB2574B55}.Release|iPhone.Deploy.0 = Release|iPhone
		{B1248DA2-EF9D-4866-92AF-311EB2574B55}.Release|iPhoneSimulator.ActiveCfg = Release|iPhoneSimulator
		{B1248DA2-EF9D-4866-92AF-311EB2574B55}.Release|iPhoneSimulator.Build.0 = Release|iPhoneSimulator
		{B1248DA2-EF9D-4866-92AF-311EB2574B55}.Release|iPhoneSimulator.Deploy.0 = Release|iPhoneSimulator
		{5FBB11EF-4499-4BBB-B1B0-BF4FAFEBCC71}.Debug|Any CPU.ActiveCfg = Debug|Any CPU
		{5FBB11EF-4499-4BBB-B1B0-BF4FAFEBCC71}.Debug|Any CPU.Build.0 = Debug|Any CPU
		{5FBB11EF-4499-4BBB-B1B0-BF4FAFEBCC71}.Debug|Any CPU.Deploy.0 = Debug|Any CPU
		{5FBB11EF-4499-4BBB-B1B0-BF4FAFEBCC71}.Debug|iPhone.ActiveCfg = Debug|Any CPU
		{5FBB11EF-4499-4BBB-B1B0-BF4FAFEBCC71}.Debug|iPhone.Build.0 = Debug|Any CPU
		{5FBB11EF-4499-4BBB-B1B0-BF4FAFEBCC71}.Debug|iPhone.Deploy.0 = Debug|Any CPU
		{5FBB11EF-4499-4BBB-B1B0-BF4FAFEBCC71}.Debug|iPhoneSimulator.ActiveCfg = Debug|Any CPU
		{5FBB11EF-4499-4BBB-B1B0-BF4FAFEBCC71}.Debug|iPhoneSimulator.Build.0 = Debug|Any CPU
		{5FBB11EF-4499-4BBB-B1B0-BF4FAFEBCC71}.Debug|iPhoneSimulator.Deploy.0 = Debug|Any CPU
		{5FBB11EF-4499-4BBB-B1B0-BF4FAFEBCC71}.Release|Any CPU.ActiveCfg = Release|Any CPU
		{5FBB11EF-4499-4BBB-B1B0-BF4FAFEBCC71}.Release|Any CPU.Build.0 = Release|Any CPU
		{5FBB11EF-4499-4BBB-B1B0-BF4FAFEBCC71}.Release|Any CPU.Deploy.0 = Release|Any CPU
		{5FBB11EF-4499-4BBB-B1B0-BF4FAFEBCC71}.Release|iPhone.ActiveCfg = Release|Any CPU
		{5FBB11EF-4499-4BBB-B1B0-BF4FAFEBCC71}.Release|iPhone.Build.0 = Release|Any CPU
		{5FBB11EF-4499-4BBB-B1B0-BF4FAFEBCC71}.Release|iPhone.Deploy.0 = Release|Any CPU
		{5FBB11EF-4499-4BBB-B1B0-BF4FAFEBCC71}.Release|iPhoneSimulator.ActiveCfg = Release|Any CPU
		{5FBB11EF-4499-4BBB-B1B0-BF4FAFEBCC71}.Release|iPhoneSimulator.Build.0 = Release|Any CPU
		{5FBB11EF-4499-4BBB-B1B0-BF4FAFEBCC71}.Release|iPhoneSimulator.Deploy.0 = Release|Any CPU
		{44C6B2DF-36A4-4873-830C-FAE76296ABC4}.Debug|Any CPU.ActiveCfg = Debug|Any CPU
		{44C6B2DF-36A4-4873-830C-FAE76296ABC4}.Debug|Any CPU.Build.0 = Debug|Any CPU
		{44C6B2DF-36A4-4873-830C-FAE76296ABC4}.Debug|iPhone.ActiveCfg = Debug|Any CPU
		{44C6B2DF-36A4-4873-830C-FAE76296ABC4}.Debug|iPhone.Build.0 = Debug|Any CPU
		{44C6B2DF-36A4-4873-830C-FAE76296ABC4}.Debug|iPhoneSimulator.ActiveCfg = Debug|Any CPU
		{44C6B2DF-36A4-4873-830C-FAE76296ABC4}.Debug|iPhoneSimulator.Build.0 = Debug|Any CPU
		{44C6B2DF-36A4-4873-830C-FAE76296ABC4}.Release|Any CPU.ActiveCfg = Release|Any CPU
		{44C6B2DF-36A4-4873-830C-FAE76296ABC4}.Release|Any CPU.Build.0 = Release|Any CPU
		{44C6B2DF-36A4-4873-830C-FAE76296ABC4}.Release|iPhone.ActiveCfg = Release|Any CPU
		{44C6B2DF-36A4-4873-830C-FAE76296ABC4}.Release|iPhone.Build.0 = Release|Any CPU
		{44C6B2DF-36A4-4873-830C-FAE76296ABC4}.Release|iPhoneSimulator.ActiveCfg = Release|Any CPU
		{44C6B2DF-36A4-4873-830C-FAE76296ABC4}.Release|iPhoneSimulator.Build.0 = Release|Any CPU
		{D0A5F069-2C3A-4391-B7AE-406C66611010}.Debug|Any CPU.ActiveCfg = Debug|Any CPU
		{D0A5F069-2C3A-4391-B7AE-406C66611010}.Debug|Any CPU.Build.0 = Debug|Any CPU
		{D0A5F069-2C3A-4391-B7AE-406C66611010}.Debug|iPhone.ActiveCfg = Debug|Any CPU
		{D0A5F069-2C3A-4391-B7AE-406C66611010}.Debug|iPhone.Build.0 = Debug|Any CPU
		{D0A5F069-2C3A-4391-B7AE-406C66611010}.Debug|iPhoneSimulator.ActiveCfg = Debug|Any CPU
		{D0A5F069-2C3A-4391-B7AE-406C66611010}.Debug|iPhoneSimulator.Build.0 = Debug|Any CPU
		{D0A5F069-2C3A-4391-B7AE-406C66611010}.Release|Any CPU.ActiveCfg = Release|Any CPU
		{D0A5F069-2C3A-4391-B7AE-406C66611010}.Release|Any CPU.Build.0 = Release|Any CPU
		{D0A5F069-2C3A-4391-B7AE-406C66611010}.Release|iPhone.ActiveCfg = Release|Any CPU
		{D0A5F069-2C3A-4391-B7AE-406C66611010}.Release|iPhone.Build.0 = Release|Any CPU
		{D0A5F069-2C3A-4391-B7AE-406C66611010}.Release|iPhoneSimulator.ActiveCfg = Release|Any CPU
		{D0A5F069-2C3A-4391-B7AE-406C66611010}.Release|iPhoneSimulator.Build.0 = Release|Any CPU
		{94785217-DDB2-420F-8774-F61DE02ACEE6}.Debug|Any CPU.ActiveCfg = Debug|Any CPU
		{94785217-DDB2-420F-8774-F61DE02ACEE6}.Debug|Any CPU.Build.0 = Debug|Any CPU
		{94785217-DDB2-420F-8774-F61DE02ACEE6}.Debug|iPhone.ActiveCfg = Debug|Any CPU
		{94785217-DDB2-420F-8774-F61DE02ACEE6}.Debug|iPhone.Build.0 = Debug|Any CPU
		{94785217-DDB2-420F-8774-F61DE02ACEE6}.Debug|iPhoneSimulator.ActiveCfg = Debug|Any CPU
		{94785217-DDB2-420F-8774-F61DE02ACEE6}.Debug|iPhoneSimulator.Build.0 = Debug|Any CPU
		{94785217-DDB2-420F-8774-F61DE02ACEE6}.Release|Any CPU.ActiveCfg = Release|Any CPU
		{94785217-DDB2-420F-8774-F61DE02ACEE6}.Release|Any CPU.Build.0 = Release|Any CPU
		{94785217-DDB2-420F-8774-F61DE02ACEE6}.Release|iPhone.ActiveCfg = Release|Any CPU
		{94785217-DDB2-420F-8774-F61DE02ACEE6}.Release|iPhone.Build.0 = Release|Any CPU
		{94785217-DDB2-420F-8774-F61DE02ACEE6}.Release|iPhoneSimulator.ActiveCfg = Release|Any CPU
		{94785217-DDB2-420F-8774-F61DE02ACEE6}.Release|iPhoneSimulator.Build.0 = Release|Any CPU
		{2CD8BEF0-5960-447D-B0FC-ADBA5F30EEBA}.Debug|Any CPU.ActiveCfg = Debug|Any CPU
		{2CD8BEF0-5960-447D-B0FC-ADBA5F30EEBA}.Debug|Any CPU.Build.0 = Debug|Any CPU
		{2CD8BEF0-5960-447D-B0FC-ADBA5F30EEBA}.Debug|iPhone.ActiveCfg = Debug|Any CPU
		{2CD8BEF0-5960-447D-B0FC-ADBA5F30EEBA}.Debug|iPhone.Build.0 = Debug|Any CPU
		{2CD8BEF0-5960-447D-B0FC-ADBA5F30EEBA}.Debug|iPhoneSimulator.ActiveCfg = Debug|Any CPU
		{2CD8BEF0-5960-447D-B0FC-ADBA5F30EEBA}.Debug|iPhoneSimulator.Build.0 = Debug|Any CPU
		{2CD8BEF0-5960-447D-B0FC-ADBA5F30EEBA}.Release|Any CPU.ActiveCfg = Release|Any CPU
		{2CD8BEF0-5960-447D-B0FC-ADBA5F30EEBA}.Release|Any CPU.Build.0 = Release|Any CPU
		{2CD8BEF0-5960-447D-B0FC-ADBA5F30EEBA}.Release|iPhone.ActiveCfg = Release|Any CPU
		{2CD8BEF0-5960-447D-B0FC-ADBA5F30EEBA}.Release|iPhone.Build.0 = Release|Any CPU
		{2CD8BEF0-5960-447D-B0FC-ADBA5F30EEBA}.Release|iPhoneSimulator.ActiveCfg = Release|Any CPU
		{2CD8BEF0-5960-447D-B0FC-ADBA5F30EEBA}.Release|iPhoneSimulator.Build.0 = Release|Any CPU
	EndGlobalSection
	GlobalSection(SolutionProperties) = preSolution
		HideSolutionNode = FALSE
	EndGlobalSection
	GlobalSection(ExtensibilityGlobals) = postSolution
		SolutionGuid = {09CFB4BB-A889-4DAE-8C8E-4F85738F8678}
	EndGlobalSection
EndGlobal
